
Microsoft Visual Studio Solution File, Format Version 12.00
# Visual Studio Version 17
VisualStudioVersion = 17.7.34221.43
MinimumVisualStudioVersion = 10.0.40219.1
Project("{FAE04EC0-301F-11D3-BF4B-00C04F79EFBC}") = "dbChanges", "dbChanges\dbChanges.csproj", "{D314321B-7156-4289-8064-02AEC2CA11B5}"
EndProject
Global
	GlobalSection(SolutionConfigurationPlatforms) = preSolution
		Debug|Any CPU = Debug|Any CPU
		Release|Any CPU = Release|Any CPU
	EndGlobalSection
	GlobalSection(ProjectConfigurationPlatforms) = postSolution
		{D314321B-7156-4289-8064-02AEC2CA11B5}.Debug|Any CPU.ActiveCfg = Debug|Any CPU
		{D314321B-7156-4289-8064-02AEC2CA11B5}.Debug|Any CPU.Build.0 = Debug|Any CPU
		{D314321B-7156-4289-8064-02AEC2CA11B5}.Release|Any CPU.ActiveCfg = Release|Any CPU
		{D314321B-7156-4289-8064-02AEC2CA11B5}.Release|Any CPU.Build.0 = Release|Any CPU
	EndGlobalSection
	GlobalSection(SolutionProperties) = preSolution
		HideSolutionNode = FALSE
	EndGlobalSection
	GlobalSection(ExtensibilityGlobals) = postSolution
		SolutionGuid = {E74215D4-4C8C-4CB5-9328-CE8E9FAB3C49}
	EndGlobalSection
EndGlobal
